
Microsoft Visual Studio Solution File, Format Version 12.00
# Visual Studio Version 17
VisualStudioVersion = 17.3.32922.545
MinimumVisualStudioVersion = 10.0.40219.1
Project("{FAE04EC0-301F-11D3-BF4B-00C04F79EFBC}") = "LocalizationInDatabase.Mvc", "LocalizationInDatabase.Mvc\LocalizationInDatabase.Mvc.csproj", "{A89F8037-67D6-41B0-876A-8E551E360360}"
EndProject
Global
	GlobalSection(SolutionConfigurationPlatforms) = preSolution
		Debug|Any CPU = Debug|Any CPU
		Release|Any CPU = Release|Any CPU
	EndGlobalSection
	GlobalSection(ProjectConfigurationPlatforms) = postSolution
		{A89F8037-67D6-41B0-876A-8E551E360360}.Debug|Any CPU.ActiveCfg = Debug|Any CPU
		{A89F8037-67D6-41B0-876A-8E551E360360}.Debug|Any CPU.Build.0 = Debug|Any CPU
		{A89F8037-67D6-41B0-876A-8E551E360360}.Release|Any CPU.ActiveCfg = Release|Any CPU
		{A89F8037-67D6-41B0-876A-8E551E360360}.Release|Any CPU.Build.0 = Release|Any CPU
	EndGlobalSection
	GlobalSection(SolutionProperties) = preSolution
		HideSolutionNode = FALSE
	EndGlobalSection
	GlobalSection(ExtensibilityGlobals) = postSolution
		SolutionGuid = {7279A72D-595A-4DB8-9B1F-5862DD4FA894}
	EndGlobalSection
EndGlobal
